
Microsoft Visual Studio Solution File, Format Version 12.00
# Visual Studio 15
Project("{FAE04EC0-301F-11D3-BF4B-00C04F79EFBC}") = "Unity.ProBuilder", "Unity.ProBuilder.csproj", "{4045183C-9D38-C7FA-77C0-94A31A3CD716}"
EndProject
Project("{FAE04EC0-301F-11D3-BF4B-00C04F79EFBC}") = "UnityEngine.TestRunner", "UnityEngine.TestRunner.csproj", "{CCA20F12-89AA-2866-554F-16DB7B8A8CC3}"
EndProject
Project("{FAE04EC0-301F-11D3-BF4B-00C04F79EFBC}") = "Unity.RenderPipelines.Universal.Runtime", "Unity.RenderPipelines.Universal.Runtime.csproj", "{72EFBAF3-A2CE-3092-E101-D892995954DF}"
EndProject
Project("{FAE04EC0-301F-11D3-BF4B-00C04F79EFBC}") = "Unity.TextMeshPro", "Unity.TextMeshPro.csproj", "{B63EECA6-08B8-ABB0-E5CE-3DC8F7B36874}"
EndProject
Project("{FAE04EC0-301F-11D3-BF4B-00C04F79EFBC}") = "Unity.Timeline", "Unity.Timeline.csproj", "{44D1B22B-7757-FF06-8759-FCB20C58C498}"
EndProject
Project("{FAE04EC0-301F-11D3-BF4B-00C04F79EFBC}") = "Unity.RenderPipelines.Core.Runtime", "Unity.RenderPipelines.Core.Runtime.csproj", "{56D79817-D78B-F761-2301-46A42C8C5EEF}"
EndProject
Project("{FAE04EC0-301F-11D3-BF4B-00C04F79EFBC}") = "Unity.ProBuilder.Poly2Tri", "Unity.ProBuilder.Poly2Tri.csproj", "{D4F1EC67-77C2-4E13-C858-0D7724B491B6}"
EndProject
Project("{FAE04EC0-301F-11D3-BF4B-00C04F79EFBC}") = "Unity.ProBuilder.KdTree", "Unity.ProBuilder.KdTree.csproj", "{65C1F7E5-5866-73AA-7421-C89D39880B77}"
EndProject
Project("{FAE04EC0-301F-11D3-BF4B-00C04F79EFBC}") = "Unity.ProBuilder.Csg", "Unity.ProBuilder.Csg.csproj", "{738F4EE7-C94D-4CB5-13C0-279F401FCB5B}"
EndProject
Project("{FAE04EC0-301F-11D3-BF4B-00C04F79EFBC}") = "Unity.ProBuilder.Stl", "Unity.ProBuilder.Stl.csproj", "{429D34A6-46D9-AAD8-079A-53125FE88B6F}"
EndProject
Project("{FAE04EC0-301F-11D3-BF4B-00C04F79EFBC}") = "Unity.ProGrids", "Unity.ProGrids.csproj", "{A7FD5D5B-25B5-6FD7-678B-16D7D232E5AD}"
EndProject
Project("{FAE04EC0-301F-11D3-BF4B-00C04F79EFBC}") = "Unity.RenderPipelines.ShaderGraph.ShaderGraphLibrary", "Unity.RenderPipelines.ShaderGraph.ShaderGraphLibrary.csproj", "{456B724E-8819-EAD9-0C7D-850FDD16C283}"
EndProject
Project("{FAE04EC0-301F-11D3-BF4B-00C04F79EFBC}") = "Unity.RenderPipeline.Universal.ShaderLibrary", "Unity.RenderPipeline.Universal.ShaderLibrary.csproj", "{40E45EB3-C903-EEC7-83A9-8BD376A9835F}"
EndProject
Project("{FAE04EC0-301F-11D3-BF4B-00C04F79EFBC}") = "Unity.RenderPipelines.Core.ShaderLibrary", "Unity.RenderPipelines.Core.ShaderLibrary.csproj", "{7419FCBA-73DA-D890-02B6-E2FB62A391F1}"
EndProject
Project("{FAE04EC0-301F-11D3-BF4B-00C04F79EFBC}") = "Unity.RenderPipelines.Universal.Shaders", "Unity.RenderPipelines.Universal.Shaders.csproj", "{754DE118-BE7F-9D98-EC35-8FF491D68851}"
EndProject
Project("{FAE04EC0-301F-11D3-BF4B-00C04F79EFBC}") = "Assembly-CSharp", "Assembly-CSharp.csproj", "{789F1779-BADE-8408-8AAE-8E2D557A03FF}"
EndProject
Project("{FAE04EC0-301F-11D3-BF4B-00C04F79EFBC}") = "Unity.ProBuilder.Editor", "Unity.ProBuilder.Editor.csproj", "{14E3B780-FB4A-CEB7-501F-AB700A0F9084}"
EndProject
Project("{FAE04EC0-301F-11D3-BF4B-00C04F79EFBC}") = "Unity.ShaderGraph.Editor", "Unity.ShaderGraph.Editor.csproj", "{434532E8-C6DB-F1F3-51A7-7191BD8E64C5}"
EndProject
Project("{FAE04EC0-301F-11D3-BF4B-00C04F79EFBC}") = "Unity.TextMeshPro.Editor", "Unity.TextMeshPro.Editor.csproj", "{6B0BDCAF-0D37-50EC-F47C-6D8148038D38}"
EndProject
Project("{FAE04EC0-301F-11D3-BF4B-00C04F79EFBC}") = "Unity.Timeline.Editor", "Unity.Timeline.Editor.csproj", "{1F18FA57-91EA-53E0-44F1-244F9C9CEDA6}"
EndProject
Project("{FAE04EC0-301F-11D3-BF4B-00C04F79EFBC}") = "Unity.CollabProxy.Editor", "Unity.CollabProxy.Editor.csproj", "{FD39CD38-DA4E-FF9E-2303-403703D7A787}"
EndProject
Project("{FAE04EC0-301F-11D3-BF4B-00C04F79EFBC}") = "UnityEditor.TestRunner", "UnityEditor.TestRunner.csproj", "{39349A25-7DA9-8EF4-51EB-4E7B448553EB}"
EndProject
Project("{FAE04EC0-301F-11D3-BF4B-00C04F79EFBC}") = "Unity.RenderPipelines.Universal.Editor", "Unity.RenderPipelines.Universal.Editor.csproj", "{840DAD33-66F3-F640-F60B-2E7D42380DD1}"
EndProject
Project("{FAE04EC0-301F-11D3-BF4B-00C04F79EFBC}") = "Unity.Settings.Editor", "Unity.Settings.Editor.csproj", "{F6EB2272-5B7F-38D4-A71C-87808D985A57}"
EndProject
Project("{FAE04EC0-301F-11D3-BF4B-00C04F79EFBC}") = "Unity.ProGrids.Editor", "Unity.ProGrids.Editor.csproj", "{69A6E17B-55F0-4FA0-22B4-04BBCAE3D388}"
EndProject
Project("{FAE04EC0-301F-11D3-BF4B-00C04F79EFBC}") = "Unity.VisualStudio.Editor", "Unity.VisualStudio.Editor.csproj", "{9E849DAC-4DD4-88F0-23EB-2371934478D2}"
EndProject
Project("{FAE04EC0-301F-11D3-BF4B-00C04F79EFBC}") = "Unity.RenderPipelines.Core.Editor", "Unity.RenderPipelines.Core.Editor.csproj", "{02724977-AED7-FC13-0B8E-495E0E7E4AA5}"
EndProject
Project("{FAE04EC0-301F-11D3-BF4B-00C04F79EFBC}") = "Unity.ProBuilder.AssetIdRemapUtility", "Unity.ProBuilder.AssetIdRemapUtility.csproj", "{370CC601-879C-7CA0-F4BB-F48EC9CE02FB}"
EndProject
Project("{FAE04EC0-301F-11D3-BF4B-00C04F79EFBC}") = "Unity.Searcher.Editor", "Unity.Searcher.Editor.csproj", "{1A2B94C3-72E7-CE0F-BE86-D78F02857D16}"
EndProject
Project("{FAE04EC0-301F-11D3-BF4B-00C04F79EFBC}") = "Unity.ShaderGraph.Utilities", "Unity.ShaderGraph.Utilities.csproj", "{9362E83E-67D4-67CC-0395-4B4A52640A8A}"
EndProject
Project("{FAE04EC0-301F-11D3-BF4B-00C04F79EFBC}") = "Unity.ProBuilder.AddOns.Editor", "Unity.ProBuilder.AddOns.Editor.csproj", "{25BB96EC-2108-7C64-1DD5-364F6AE4384C}"
EndProject
Project("{FAE04EC0-301F-11D3-BF4B-00C04F79EFBC}") = "Unity.DeviceSimulator.Editor", "Unity.DeviceSimulator.Editor.csproj", "{021D4FFB-8AEB-94A6-9E5A-1414D87D091F}"
EndProject
Project("{FAE04EC0-301F-11D3-BF4B-00C04F79EFBC}") = "Unity.DeviceSimulator.Tests.Common", "Unity.DeviceSimulator.Tests.Common.csproj", "{618E1B87-B619-49F5-9EC0-D6C6F1E08841}"
EndProject
Project("{FAE04EC0-301F-11D3-BF4B-00C04F79EFBC}") = "Assembly-CSharp-Editor", "Assembly-CSharp-Editor.csproj", "{646A855F-3316-1D2C-6C13-593C03DC5306}"
EndProject
Global
	GlobalSection(SolutionConfigurationPlatforms) = preSolution
		Debug|Any CPU = Debug|Any CPU
		Release|Any CPU = Release|Any CPU
	EndGlobalSection
	GlobalSection(ProjectConfigurationPlatforms) = postSolution
		{4045183C-9D38-C7FA-77C0-94A31A3CD716}.Debug|Any CPU.ActiveCfg = Debug|Any CPU
		{4045183C-9D38-C7FA-77C0-94A31A3CD716}.Debug|Any CPU.Build.0 = Debug|Any CPU
		{4045183C-9D38-C7FA-77C0-94A31A3CD716}.Release|Any CPU.ActiveCfg = Release|Any CPU
		{4045183C-9D38-C7FA-77C0-94A31A3CD716}.Release|Any CPU.Build.0 = Release|Any CPU
		{CCA20F12-89AA-2866-554F-16DB7B8A8CC3}.Debug|Any CPU.ActiveCfg = Debug|Any CPU
		{CCA20F12-89AA-2866-554F-16DB7B8A8CC3}.Debug|Any CPU.Build.0 = Debug|Any CPU
		{CCA20F12-89AA-2866-554F-16DB7B8A8CC3}.Release|Any CPU.ActiveCfg = Release|Any CPU
		{CCA20F12-89AA-2866-554F-16DB7B8A8CC3}.Release|Any CPU.Build.0 = Release|Any CPU
		{72EFBAF3-A2CE-3092-E101-D892995954DF}.Debug|Any CPU.ActiveCfg = Debug|Any CPU
		{72EFBAF3-A2CE-3092-E101-D892995954DF}.Debug|Any CPU.Build.0 = Debug|Any CPU
		{72EFBAF3-A2CE-3092-E101-D892995954DF}.Release|Any CPU.ActiveCfg = Release|Any CPU
		{72EFBAF3-A2CE-3092-E101-D892995954DF}.Release|Any CPU.Build.0 = Release|Any CPU
		{B63EECA6-08B8-ABB0-E5CE-3DC8F7B36874}.Debug|Any CPU.ActiveCfg = Debug|Any CPU
		{B63EECA6-08B8-ABB0-E5CE-3DC8F7B36874}.Debug|Any CPU.Build.0 = Debug|Any CPU
		{B63EECA6-08B8-ABB0-E5CE-3DC8F7B36874}.Release|Any CPU.ActiveCfg = Release|Any CPU
		{B63EECA6-08B8-ABB0-E5CE-3DC8F7B36874}.Release|Any CPU.Build.0 = Release|Any CPU
		{44D1B22B-7757-FF06-8759-FCB20C58C498}.Debug|Any CPU.ActiveCfg = Debug|Any CPU
		{44D1B22B-7757-FF06-8759-FCB20C58C498}.Debug|Any CPU.Build.0 = Debug|Any CPU
		{44D1B22B-7757-FF06-8759-FCB20C58C498}.Release|Any CPU.ActiveCfg = Release|Any CPU
		{44D1B22B-7757-FF06-8759-FCB20C58C498}.Release|Any CPU.Build.0 = Release|Any CPU
		{56D79817-D78B-F761-2301-46A42C8C5EEF}.Debug|Any CPU.ActiveCfg = Debug|Any CPU
		{56D79817-D78B-F761-2301-46A42C8C5EEF}.Debug|Any CPU.Build.0 = Debug|Any CPU
		{56D79817-D78B-F761-2301-46A42C8C5EEF}.Release|Any CPU.ActiveCfg = Release|Any CPU
		{56D79817-D78B-F761-2301-46A42C8C5EEF}.Release|Any CPU.Build.0 = Release|Any CPU
		{D4F1EC67-77C2-4E13-C858-0D7724B491B6}.Debug|Any CPU.ActiveCfg = Debug|Any CPU
		{D4F1EC67-77C2-4E13-C858-0D7724B491B6}.Debug|Any CPU.Build.0 = Debug|Any CPU
		{D4F1EC67-77C2-4E13-C858-0D7724B491B6}.Release|Any CPU.ActiveCfg = Release|Any CPU
		{D4F1EC67-77C2-4E13-C858-0D7724B491B6}.Release|Any CPU.Build.0 = Release|Any CPU
		{65C1F7E5-5866-73AA-7421-C89D39880B77}.Debug|Any CPU.ActiveCfg = Debug|Any CPU
		{65C1F7E5-5866-73AA-7421-C89D39880B77}.Debug|Any CPU.Build.0 = Debug|Any CPU
		{65C1F7E5-5866-73AA-7421-C89D39880B77}.Release|Any CPU.ActiveCfg = Release|Any CPU
		{65C1F7E5-5866-73AA-7421-C89D39880B77}.Release|Any CPU.Build.0 = Release|Any CPU
		{738F4EE7-C94D-4CB5-13C0-279F401FCB5B}.Debug|Any CPU.ActiveCfg = Debug|Any CPU
		{738F4EE7-C94D-4CB5-13C0-279F401FCB5B}.Debug|Any CPU.Build.0 = Debug|Any CPU
		{738F4EE7-C94D-4CB5-13C0-279F401FCB5B}.Release|Any CPU.ActiveCfg = Release|Any CPU
		{738F4EE7-C94D-4CB5-13C0-279F401FCB5B}.Release|Any CPU.Build.0 = Release|Any CPU
		{429D34A6-46D9-AAD8-079A-53125FE88B6F}.Debug|Any CPU.ActiveCfg = Debug|Any CPU
		{429D34A6-46D9-AAD8-079A-53125FE88B6F}.Debug|Any CPU.Build.0 = Debug|Any CPU
		{429D34A6-46D9-AAD8-079A-53125FE88B6F}.Release|Any CPU.ActiveCfg = Release|Any CPU
		{429D34A6-46D9-AAD8-079A-53125FE88B6F}.Release|Any CPU.Build.0 = Release|Any CPU
		{A7FD5D5B-25B5-6FD7-678B-16D7D232E5AD}.Debug|Any CPU.ActiveCfg = Debug|Any CPU
		{A7FD5D5B-25B5-6FD7-678B-16D7D232E5AD}.Debug|Any CPU.Build.0 = Debug|Any CPU
		{A7FD5D5B-25B5-6FD7-678B-16D7D232E5AD}.Release|Any CPU.ActiveCfg = Release|Any CPU
		{A7FD5D5B-25B5-6FD7-678B-16D7D232E5AD}.Release|Any CPU.Build.0 = Release|Any CPU
		{456B724E-8819-EAD9-0C7D-850FDD16C283}.Debug|Any CPU.ActiveCfg = Debug|Any CPU
		{456B724E-8819-EAD9-0C7D-850FDD16C283}.Debug|Any CPU.Build.0 = Debug|Any CPU
		{456B724E-8819-EAD9-0C7D-850FDD16C283}.Release|Any CPU.ActiveCfg = Release|Any CPU
		{456B724E-8819-EAD9-0C7D-850FDD16C283}.Release|Any CPU.Build.0 = Release|Any CPU
		{40E45EB3-C903-EEC7-83A9-8BD376A9835F}.Debug|Any CPU.ActiveCfg = Debug|Any CPU
		{40E45EB3-C903-EEC7-83A9-8BD376A9835F}.Debug|Any CPU.Build.0 = Debug|Any CPU
		{40E45EB3-C903-EEC7-83A9-8BD376A9835F}.Release|Any CPU.ActiveCfg = Release|Any CPU
		{40E45EB3-C903-EEC7-83A9-8BD376A9835F}.Release|Any CPU.Build.0 = Release|Any CPU
		{7419FCBA-73DA-D890-02B6-E2FB62A391F1}.Debug|Any CPU.ActiveCfg = Debug|Any CPU
		{7419FCBA-73DA-D890-02B6-E2FB62A391F1}.Debug|Any CPU.Build.0 = Debug|Any CPU
		{7419FCBA-73DA-D890-02B6-E2FB62A391F1}.Release|Any CPU.ActiveCfg = Release|Any CPU
		{7419FCBA-73DA-D890-02B6-E2FB62A391F1}.Release|Any CPU.Build.0 = Release|Any CPU
		{754DE118-BE7F-9D98-EC35-8FF491D68851}.Debug|Any CPU.ActiveCfg = Debug|Any CPU
		{754DE118-BE7F-9D98-EC35-8FF491D68851}.Debug|Any CPU.Build.0 = Debug|Any CPU
		{754DE118-BE7F-9D98-EC35-8FF491D68851}.Release|Any CPU.ActiveCfg = Release|Any CPU
		{754DE118-BE7F-9D98-EC35-8FF491D68851}.Release|Any CPU.Build.0 = Release|Any CPU
		{789F1779-BADE-8408-8AAE-8E2D557A03FF}.Debug|Any CPU.ActiveCfg = Debug|Any CPU
		{789F1779-BADE-8408-8AAE-8E2D557A03FF}.Debug|Any CPU.Build.0 = Debug|Any CPU
		{789F1779-BADE-8408-8AAE-8E2D557A03FF}.Release|Any CPU.ActiveCfg = Release|Any CPU
		{789F1779-BADE-8408-8AAE-8E2D557A03FF}.Release|Any CPU.Build.0 = Release|Any CPU
		{14E3B780-FB4A-CEB7-501F-AB700A0F9084}.Debug|Any CPU.ActiveCfg = Debug|Any CPU
		{14E3B780-FB4A-CEB7-501F-AB700A0F9084}.Debug|Any CPU.Build.0 = Debug|Any CPU
		{14E3B780-FB4A-CEB7-501F-AB700A0F9084}.Release|Any CPU.ActiveCfg = Release|Any CPU
		{14E3B780-FB4A-CEB7-501F-AB700A0F9084}.Release|Any CPU.Build.0 = Release|Any CPU
		{434532E8-C6DB-F1F3-51A7-7191BD8E64C5}.Debug|Any CPU.ActiveCfg = Debug|Any CPU
		{434532E8-C6DB-F1F3-51A7-7191BD8E64C5}.Debug|Any CPU.Build.0 = Debug|Any CPU
		{434532E8-C6DB-F1F3-51A7-7191BD8E64C5}.Release|Any CPU.ActiveCfg = Release|Any CPU
		{434532E8-C6DB-F1F3-51A7-7191BD8E64C5}.Release|Any CPU.Build.0 = Release|Any CPU
		{6B0BDCAF-0D37-50EC-F47C-6D8148038D38}.Debug|Any CPU.ActiveCfg = Debug|Any CPU
		{6B0BDCAF-0D37-50EC-F47C-6D8148038D38}.Debug|Any CPU.Build.0 = Debug|Any CPU
		{6B0BDCAF-0D37-50EC-F47C-6D8148038D38}.Release|Any CPU.ActiveCfg = Release|Any CPU
		{6B0BDCAF-0D37-50EC-F47C-6D8148038D38}.Release|Any CPU.Build.0 = Release|Any CPU
		{1F18FA57-91EA-53E0-44F1-244F9C9CEDA6}.Debug|Any CPU.ActiveCfg = Debug|Any CPU
		{1F18FA57-91EA-53E0-44F1-244F9C9CEDA6}.Debug|Any CPU.Build.0 = Debug|Any CPU
		{1F18FA57-91EA-53E0-44F1-244F9C9CEDA6}.Release|Any CPU.ActiveCfg = Release|Any CPU
		{1F18FA57-91EA-53E0-44F1-244F9C9CEDA6}.Release|Any CPU.Build.0 = Release|Any CPU
		{FD39CD38-DA4E-FF9E-2303-403703D7A787}.Debug|Any CPU.ActiveCfg = Debug|Any CPU
		{FD39CD38-DA4E-FF9E-2303-403703D7A787}.Debug|Any CPU.Build.0 = Debug|Any CPU
		{FD39CD38-DA4E-FF9E-2303-403703D7A787}.Release|Any CPU.ActiveCfg = Release|Any CPU
		{FD39CD38-DA4E-FF9E-2303-403703D7A787}.Release|Any CPU.Build.0 = Release|Any CPU
		{39349A25-7DA9-8EF4-51EB-4E7B448553EB}.Debug|Any CPU.ActiveCfg = Debug|Any CPU
		{39349A25-7DA9-8EF4-51EB-4E7B448553EB}.Debug|Any CPU.Build.0 = Debug|Any CPU
		{39349A25-7DA9-8EF4-51EB-4E7B448553EB}.Release|Any CPU.ActiveCfg = Release|Any CPU
		{39349A25-7DA9-8EF4-51EB-4E7B448553EB}.Release|Any CPU.Build.0 = Release|Any CPU
		{840DAD33-66F3-F640-F60B-2E7D42380DD1}.Debug|Any CPU.ActiveCfg = Debug|Any CPU
		{840DAD33-66F3-F640-F60B-2E7D42380DD1}.Debug|Any CPU.Build.0 = Debug|Any CPU
		{840DAD33-66F3-F640-F60B-2E7D42380DD1}.Release|Any CPU.ActiveCfg = Release|Any CPU
		{840DAD33-66F3-F640-F60B-2E7D42380DD1}.Release|Any CPU.Build.0 = Release|Any CPU
		{F6EB2272-5B7F-38D4-A71C-87808D985A57}.Debug|Any CPU.ActiveCfg = Debug|Any CPU
		{F6EB2272-5B7F-38D4-A71C-87808D985A57}.Debug|Any CPU.Build.0 = Debug|Any CPU
		{F6EB2272-5B7F-38D4-A71C-87808D985A57}.Release|Any CPU.ActiveCfg = Release|Any CPU
		{F6EB2272-5B7F-38D4-A71C-87808D985A57}.Release|Any CPU.Build.0 = Release|Any CPU
		{69A6E17B-55F0-4FA0-22B4-04BBCAE3D388}.Debug|Any CPU.ActiveCfg = Debug|Any CPU
		{69A6E17B-55F0-4FA0-22B4-04BBCAE3D388}.Debug|Any CPU.Build.0 = Debug|Any CPU
		{69A6E17B-55F0-4FA0-22B4-04BBCAE3D388}.Release|Any CPU.ActiveCfg = Release|Any CPU
		{69A6E17B-55F0-4FA0-22B4-04BBCAE3D388}.Release|Any CPU.Build.0 = Release|Any CPU
		{9E849DAC-4DD4-88F0-23EB-2371934478D2}.Debug|Any CPU.ActiveCfg = Debug|Any CPU
		{9E849DAC-4DD4-88F0-23EB-2371934478D2}.Debug|Any CPU.Build.0 = Debug|Any CPU
		{9E849DAC-4DD4-88F0-23EB-2371934478D2}.Release|Any CPU.ActiveCfg = Release|Any CPU
		{9E849DAC-4DD4-88F0-23EB-2371934478D2}.Release|Any CPU.Build.0 = Release|Any CPU
		{02724977-AED7-FC13-0B8E-495E0E7E4AA5}.Debug|Any CPU.ActiveCfg = Debug|Any CPU
		{02724977-AED7-FC13-0B8E-495E0E7E4AA5}.Debug|Any CPU.Build.0 = Debug|Any CPU
		{02724977-AED7-FC13-0B8E-495E0E7E4AA5}.Release|Any CPU.ActiveCfg = Release|Any CPU
		{02724977-AED7-FC13-0B8E-495E0E7E4AA5}.Release|Any CPU.Build.0 = Release|Any CPU
		{370CC601-879C-7CA0-F4BB-F48EC9CE02FB}.Debug|Any CPU.ActiveCfg = Debug|Any CPU
		{370CC601-879C-7CA0-F4BB-F48EC9CE02FB}.Debug|Any CPU.Build.0 = Debug|Any CPU
		{370CC601-879C-7CA0-F4BB-F48EC9CE02FB}.Release|Any CPU.ActiveCfg = Release|Any CPU
		{370CC601-879C-7CA0-F4BB-F48EC9CE02FB}.Release|Any CPU.Build.0 = Release|Any CPU
		{1A2B94C3-72E7-CE0F-BE86-D78F02857D16}.Debug|Any CPU.ActiveCfg = Debug|Any CPU
		{1A2B94C3-72E7-CE0F-BE86-D78F02857D16}.Debug|Any CPU.Build.0 = Debug|Any CPU
		{1A2B94C3-72E7-CE0F-BE86-D78F02857D16}.Release|Any CPU.ActiveCfg = Release|Any CPU
		{1A2B94C3-72E7-CE0F-BE86-D78F02857D16}.Release|Any CPU.Build.0 = Release|Any CPU
		{9362E83E-67D4-67CC-0395-4B4A52640A8A}.Debug|Any CPU.ActiveCfg = Debug|Any CPU
		{9362E83E-67D4-67CC-0395-4B4A52640A8A}.Debug|Any CPU.Build.0 = Debug|Any CPU
		{9362E83E-67D4-67CC-0395-4B4A52640A8A}.Release|Any CPU.ActiveCfg = Release|Any CPU
		{9362E83E-67D4-67CC-0395-4B4A52640A8A}.Release|Any CPU.Build.0 = Release|Any CPU
		{25BB96EC-2108-7C64-1DD5-364F6AE4384C}.Debug|Any CPU.ActiveCfg = Debug|Any CPU
		{25BB96EC-2108-7C64-1DD5-364F6AE4384C}.Debug|Any CPU.Build.0 = Debug|Any CPU
		{25BB96EC-2108-7C64-1DD5-364F6AE4384C}.Release|Any CPU.ActiveCfg = Release|Any CPU
		{25BB96EC-2108-7C64-1DD5-364F6AE4384C}.Release|Any CPU.Build.0 = Release|Any CPU
		{021D4FFB-8AEB-94A6-9E5A-1414D87D091F}.Debug|Any CPU.ActiveCfg = Debug|Any CPU
		{021D4FFB-8AEB-94A6-9E5A-1414D87D091F}.Debug|Any CPU.Build.0 = Debug|Any CPU
		{021D4FFB-8AEB-94A6-9E5A-1414D87D091F}.Release|Any CPU.ActiveCfg = Release|Any CPU
		{021D4FFB-8AEB-94A6-9E5A-1414D87D091F}.Release|Any CPU.Build.0 = Release|Any CPU
		{618E1B87-B619-49F5-9EC0-D6C6F1E08841}.Debug|Any CPU.ActiveCfg = Debug|Any CPU
		{618E1B87-B619-49F5-9EC0-D6C6F1E08841}.Debug|Any CPU.Build.0 = Debug|Any CPU
		{618E1B87-B619-49F5-9EC0-D6C6F1E08841}.Release|Any CPU.ActiveCfg = Release|Any CPU
		{618E1B87-B619-49F5-9EC0-D6C6F1E08841}.Release|Any CPU.Build.0 = Release|Any CPU
		{646A855F-3316-1D2C-6C13-593C03DC5306}.Debug|Any CPU.ActiveCfg = Debug|Any CPU
		{646A855F-3316-1D2C-6C13-593C03DC5306}.Debug|Any CPU.Build.0 = Debug|Any CPU
		{646A855F-3316-1D2C-6C13-593C03DC5306}.Release|Any CPU.ActiveCfg = Release|Any CPU
		{646A855F-3316-1D2C-6C13-593C03DC5306}.Release|Any CPU.Build.0 = Release|Any CPU
	EndGlobalSection
	GlobalSection(SolutionProperties) = preSolution
		HideSolutionNode = FALSE
	EndGlobalSection
EndGlobal
